// !$*UTF8*$!
{
	archiveVersion = 1;
	classes = {
	};
	objectVersion = 54;
	objects = {

/* Begin PBXBuildFile section */
		00E356F31AD99517003FC87E /* TodoListWorkTests.m in Sources */ = {isa = PBXBuildFile; fileRef = 00E356F21AD99517003FC87E /* TodoListWorkTests.m */; };
		0C80B921A6F3F58F76C31292 /* libPods-TodoListWork.a in Frameworks */ = {isa = PBXBuildFile; fileRef = 5DCACB8F33CDC322A6C60F78 /* libPods-TodoListWork.a */; };
		13B07FBC1A68108700A75B9A /* AppDelegate.mm in Sources */ = {isa = PBXBuildFile; fileRef = 13B07FB01A68108700A75B9A /* AppDelegate.mm */; };
		13B07FBF1A68108700A75B9A /* Images.xcassets in Resources */ = {isa = PBXBuildFile; fileRef = 13B07FB51A68108700A75B9A /* Images.xcassets */; };
		13B07FC11A68108700A75B9A /* main.m in Sources */ = {isa = PBXBuildFile; fileRef = 13B07FB71A68108700A75B9A /* main.m */; };
		7699B88040F8A987B510C191 /* libPods-TodoListWork-TodoListWorkTests.a in Frameworks */ = {isa = PBXBuildFile; fileRef = 19F6CBCC0A4E27FBF8BF4A61 /* libPods-TodoListWork-TodoListWorkTests.a */; };
		81AB9BB82411601600AC10FF /* LaunchScreen.storyboard in Resources */ = {isa = PBXBuildFile; fileRef = 81AB9BB72411601600AC10FF /* LaunchScreen.storyboard */; };
		FB0A3C7E3A4D4B49A394CA5B /* AntDesign.ttf in Resources */ = {isa = PBXBuildFile; fileRef = 1F0D1003FAF7497AB8297467 /* AntDesign.ttf */; };
		9BB5E0204D5F47048C41B738 /* Entypo.ttf in Resources */ = {isa = PBXBuildFile; fileRef = 398DE2ACA94942D3BCE35970 /* Entypo.ttf */; };
		0EA2BA7EA0AF4668921E4246 /* EvilIcons.ttf in Resources */ = {isa = PBXBuildFile; fileRef = E2FAE0E2FF9E4A8198DA4FA6 /* EvilIcons.ttf */; };
		F8971265177C458BBB11126C /* Feather.ttf in Resources */ = {isa = PBXBuildFile; fileRef = F72E94AC7D1A415C96C1536C /* Feather.ttf */; };
		716A8EC8D4B34AB1B0CFDD94 /* FontAwesome.ttf in Resources */ = {isa = PBXBuildFile; fileRef = A77AEB50F6064682A96C227A /* FontAwesome.ttf */; };
		AF674E5C85A0466C87DFEA31 /* FontAwesome5_Brands.ttf in Resources */ = {isa = PBXBuildFile; fileRef = 2C3C1C379D4D43CAB5A1AD60 /* FontAwesome5_Brands.ttf */; };
		47E7E697CE524CDD8E53B560 /* FontAwesome5_Regular.ttf in Resources */ = {isa = PBXBuildFile; fileRef = 74A68DE8BB4A47969DAE37C4 /* FontAwesome5_Regular.ttf */; };
		35BE206B3539436C9465674E /* FontAwesome5_Solid.ttf in Resources */ = {isa = PBXBuildFile; fileRef = 9D1E905B87FE44FD9A3B7F9B /* FontAwesome5_Solid.ttf */; };
		9912387829134499B2798BF7 /* FontAwesome6_Brands.ttf in Resources */ = {isa = PBXBuildFile; fileRef = 0D2F2E6BB4474281BE967599 /* FontAwesome6_Brands.ttf */; };
		79FBF0779D7E4B739716866E /* FontAwesome6_Regular.ttf in Resources */ = {isa = PBXBuildFile; fileRef = 147001DD756143A398A82D6A /* FontAwesome6_Regular.ttf */; };
		E86B7EB3DE314ED3B3252221 /* FontAwesome6_Solid.ttf in Resources */ = {isa = PBXBuildFile; fileRef = 710C67EFF5254826A6B83326 /* FontAwesome6_Solid.ttf */; };
		50FE90ECD5194EE3BEA40B28 /* Fontisto.ttf in Resources */ = {isa = PBXBuildFile; fileRef = D2062D2F5D3B45C7ACAE0649 /* Fontisto.ttf */; };
		181772C9381C4AF98B725751 /* Foundation.ttf in Resources */ = {isa = PBXBuildFile; fileRef = 70CF807CA46148B68D75D1F2 /* Foundation.ttf */; };
		E58FBC4F336C4DB7B9B2B6B4 /* Ionicons.ttf in Resources */ = {isa = PBXBuildFile; fileRef = F9656374339848A698907506 /* Ionicons.ttf */; };
		091D746E4B23449CA14D7660 /* MaterialCommunityIcons.ttf in Resources */ = {isa = PBXBuildFile; fileRef = FCC79453AB2A4E7EAAD79498 /* MaterialCommunityIcons.ttf */; };
		F8B88EF160024E15A8F979A7 /* MaterialIcons.ttf in Resources */ = {isa = PBXBuildFile; fileRef = F900991D608649E48DB7F76E /* MaterialIcons.ttf */; };
		77C5BAE6C67843448FE1D8C5 /* Octicons.ttf in Resources */ = {isa = PBXBuildFile; fileRef = AB243F54FFCF406882BA3820 /* Octicons.ttf */; };
		C96205630C274094A0BA894F /* OpenSans-Italic-VariableFont_wdth,wght.ttf in Resources */ = {isa = PBXBuildFile; fileRef = 2F4BC64EE344456D8C6AFEE5 /* OpenSans-Italic-VariableFont_wdth,wght.ttf */; };
		033891BBC2744F77BCAD429A /* OpenSans-VariableFont_wdth,wght.ttf in Resources */ = {isa = PBXBuildFile; fileRef = 4BE4EAC88F4A4541B39693B1 /* OpenSans-VariableFont_wdth,wght.ttf */; };
		5730C0EF0BB048939523BE36 /* PlayfairDisplay-Italic-VariableFont_wght.ttf in Resources */ = {isa = PBXBuildFile; fileRef = DF91909038D94BC7A663C0DD /* PlayfairDisplay-Italic-VariableFont_wght.ttf */; };
		B4060D1893284C4EA6B26E86 /* PlayfairDisplay-VariableFont_wght.ttf in Resources */ = {isa = PBXBuildFile; fileRef = 7D592628460244D09722036D /* PlayfairDisplay-VariableFont_wght.ttf */; };
		92834D728A164723814BB858 /* Poppins-Black.ttf in Resources */ = {isa = PBXBuildFile; fileRef = F25EE24D8B8E46F692D68518 /* Poppins-Black.ttf */; };
		65F97BA03B5A4DFFBE491B60 /* Poppins-BlackItalic.ttf in Resources */ = {isa = PBXBuildFile; fileRef = B8CBF8EA4D0E4864897FAC8F /* Poppins-BlackItalic.ttf */; };
		201F6894B71C46B29B6A914C /* Poppins-Bold.ttf in Resources */ = {isa = PBXBuildFile; fileRef = 45A00BDFA91A46A88CD6CA57 /* Poppins-Bold.ttf */; };
		67EAB66B4BEA439CBF0C1792 /* Poppins-BoldItalic.ttf in Resources */ = {isa = PBXBuildFile; fileRef = D6BCED811DE0493AB4C62F64 /* Poppins-BoldItalic.ttf */; };
		5D56C81E51484B45AC839ADA /* Poppins-ExtraBold.ttf in Resources */ = {isa = PBXBuildFile; fileRef = F8244FD669AB4B8B96A9E006 /* Poppins-ExtraBold.ttf */; };
		79343388018C41E395ED9623 /* Poppins-ExtraBoldItalic.ttf in Resources */ = {isa = PBXBuildFile; fileRef = A88F403966AD4CE5A2E18051 /* Poppins-ExtraBoldItalic.ttf */; };
		BA202E034B4D44218E236C47 /* Poppins-ExtraLight.ttf in Resources */ = {isa = PBXBuildFile; fileRef = 0B9D8A8367B14D9D8E714FC3 /* Poppins-ExtraLight.ttf */; };
		0A7CC55303284FA48C115DFC /* Poppins-ExtraLightItalic.ttf in Resources */ = {isa = PBXBuildFile; fileRef = 0C30D525E752405691A8E283 /* Poppins-ExtraLightItalic.ttf */; };
		3EF210B48E94435AB0DA8A32 /* Poppins-Italic.ttf in Resources */ = {isa = PBXBuildFile; fileRef = 6B938432543C49E3B990CF6D /* Poppins-Italic.ttf */; };
		D266448E735B42DE83CCED40 /* Poppins-Light.ttf in Resources */ = {isa = PBXBuildFile; fileRef = 4D301C76E2E041549E7B4ECF /* Poppins-Light.ttf */; };
		0CEAF94C47804CD5A57BDE13 /* Poppins-LightItalic.ttf in Resources */ = {isa = PBXBuildFile; fileRef = A7B8C2628E5A425A9B6AE4F5 /* Poppins-LightItalic.ttf */; };
		8EAC0656550D4F5490BAEB27 /* Poppins-Medium.ttf in Resources */ = {isa = PBXBuildFile; fileRef = 4E4AD3149CF3490F9B106A6A /* Poppins-Medium.ttf */; };
		149141B9D91D4D54842E8554 /* Poppins-MediumItalic.ttf in Resources */ = {isa = PBXBuildFile; fileRef = 0DA264F5B8BA4AF19B847F9F /* Poppins-MediumItalic.ttf */; };
		06C0E11885EF421C99B67ADB /* Poppins-Regular.ttf in Resources */ = {isa = PBXBuildFile; fileRef = 32564341F4B74B81947CC2C7 /* Poppins-Regular.ttf */; };
		1C3FB62E77A148CD9814CAAF /* Poppins-SemiBold.ttf in Resources */ = {isa = PBXBuildFile; fileRef = 38D0AA6D829F41C2BC0AF029 /* Poppins-SemiBold.ttf */; };
		1941CA8CEBCF47E69201F7CD /* Poppins-SemiBoldItalic.ttf in Resources */ = {isa = PBXBuildFile; fileRef = ABE59A7B88444E94A7189E6A /* Poppins-SemiBoldItalic.ttf */; };
		35A473D8E0E84B8CAA4925E8 /* Poppins-Thin.ttf in Resources */ = {isa = PBXBuildFile; fileRef = 9ECFBD48164246428AEC1A90 /* Poppins-Thin.ttf */; };
		FA855B45499440C087423304 /* Poppins-ThinItalic.ttf in Resources */ = {isa = PBXBuildFile; fileRef = 82CEB3620CB94AD8A71171D2 /* Poppins-ThinItalic.ttf */; };
		196B29160BAF404BBB644AD0 /* SimpleLineIcons.ttf in Resources */ = {isa = PBXBuildFile; fileRef = 9003A4844A034B3EBB015B66 /* SimpleLineIcons.ttf */; };
		7F6730D8DD51492DBB3D3736 /* Zocial.ttf in Resources */ = {isa = PBXBuildFile; fileRef = C27AFFABE8F54A228D8190E6 /* Zocial.ttf */; };
/* End PBXBuildFile section */

/* Begin PBXContainerItemProxy section */
		00E356F41AD99517003FC87E /* PBXContainerItemProxy */ = {
			isa = PBXContainerItemProxy;
			containerPortal = 83CBB9F71A601CBA00E9B192 /* Project object */;
			proxyType = 1;
			remoteGlobalIDString = 13B07F861A680F5B00A75B9A;
			remoteInfo = TodoListWork;
		};
/* End PBXContainerItemProxy section */

/* Begin PBXFileReference section */
		00E356EE1AD99517003FC87E /* TodoListWorkTests.xctest */ = {isa = PBXFileReference; explicitFileType = wrapper.cfbundle; includeInIndex = 0; path = TodoListWorkTests.xctest; sourceTree = BUILT_PRODUCTS_DIR; };
		00E356F11AD99517003FC87E /* Info.plist */ = {isa = PBXFileReference; lastKnownFileType = text.plist.xml; path = Info.plist; sourceTree = "<group>"; };
		00E356F21AD99517003FC87E /* TodoListWorkTests.m */ = {isa = PBXFileReference; lastKnownFileType = sourcecode.c.objc; path = TodoListWorkTests.m; sourceTree = "<group>"; };
		13B07F961A680F5B00A75B9A /* TodoListWork.app */ = {isa = PBXFileReference; explicitFileType = wrapper.application; includeInIndex = 0; path = TodoListWork.app; sourceTree = BUILT_PRODUCTS_DIR; };
		13B07FAF1A68108700A75B9A /* AppDelegate.h */ = {isa = PBXFileReference; fileEncoding = 4; lastKnownFileType = sourcecode.c.h; name = AppDelegate.h; path = TodoListWork/AppDelegate.h; sourceTree = "<group>"; };
		13B07FB01A68108700A75B9A /* AppDelegate.mm */ = {isa = PBXFileReference; fileEncoding = 4; lastKnownFileType = sourcecode.cpp.objcpp; name = AppDelegate.mm; path = TodoListWork/AppDelegate.mm; sourceTree = "<group>"; };
		13B07FB51A68108700A75B9A /* Images.xcassets */ = {isa = PBXFileReference; lastKnownFileType = folder.assetcatalog; name = Images.xcassets; path = TodoListWork/Images.xcassets; sourceTree = "<group>"; };
		13B07FB61A68108700A75B9A /* Info.plist */ = {isa = PBXFileReference; fileEncoding = 4; lastKnownFileType = text.plist.xml; name = Info.plist; path = TodoListWork/Info.plist; sourceTree = "<group>"; };
		13B07FB71A68108700A75B9A /* main.m */ = {isa = PBXFileReference; fileEncoding = 4; lastKnownFileType = sourcecode.c.objc; name = main.m; path = TodoListWork/main.m; sourceTree = "<group>"; };
		13B07FB81A68108700A75B9A /* PrivacyInfo.xcprivacy */ = {isa = PBXFileReference; fileEncoding = 4; lastKnownFileType = text.plist.xml; name = PrivacyInfo.xcprivacy; path = TodoListWork/PrivacyInfo.xcprivacy; sourceTree = "<group>"; };
		19F6CBCC0A4E27FBF8BF4A61 /* libPods-TodoListWork-TodoListWorkTests.a */ = {isa = PBXFileReference; explicitFileType = archive.ar; includeInIndex = 0; path = "libPods-TodoListWork-TodoListWorkTests.a"; sourceTree = BUILT_PRODUCTS_DIR; };
		3B4392A12AC88292D35C810B /* Pods-TodoListWork.debug.xcconfig */ = {isa = PBXFileReference; includeInIndex = 1; lastKnownFileType = text.xcconfig; name = "Pods-TodoListWork.debug.xcconfig"; path = "Target Support Files/Pods-TodoListWork/Pods-TodoListWork.debug.xcconfig"; sourceTree = "<group>"; };
		5709B34CF0A7D63546082F79 /* Pods-TodoListWork.release.xcconfig */ = {isa = PBXFileReference; includeInIndex = 1; lastKnownFileType = text.xcconfig; name = "Pods-TodoListWork.release.xcconfig"; path = "Target Support Files/Pods-TodoListWork/Pods-TodoListWork.release.xcconfig"; sourceTree = "<group>"; };
		5B7EB9410499542E8C5724F5 /* Pods-TodoListWork-TodoListWorkTests.debug.xcconfig */ = {isa = PBXFileReference; includeInIndex = 1; lastKnownFileType = text.xcconfig; name = "Pods-TodoListWork-TodoListWorkTests.debug.xcconfig"; path = "Target Support Files/Pods-TodoListWork-TodoListWorkTests/Pods-TodoListWork-TodoListWorkTests.debug.xcconfig"; sourceTree = "<group>"; };
		5DCACB8F33CDC322A6C60F78 /* libPods-TodoListWork.a */ = {isa = PBXFileReference; explicitFileType = archive.ar; includeInIndex = 0; path = "libPods-TodoListWork.a"; sourceTree = BUILT_PRODUCTS_DIR; };
		81AB9BB72411601600AC10FF /* LaunchScreen.storyboard */ = {isa = PBXFileReference; fileEncoding = 4; lastKnownFileType = file.storyboard; name = LaunchScreen.storyboard; path = TodoListWork/LaunchScreen.storyboard; sourceTree = "<group>"; };
		89C6BE57DB24E9ADA2F236DE /* Pods-TodoListWork-TodoListWorkTests.release.xcconfig */ = {isa = PBXFileReference; includeInIndex = 1; lastKnownFileType = text.xcconfig; name = "Pods-TodoListWork-TodoListWorkTests.release.xcconfig"; path = "Target Support Files/Pods-TodoListWork-TodoListWorkTests/Pods-TodoListWork-TodoListWorkTests.release.xcconfig"; sourceTree = "<group>"; };
		ED297162215061F000B7C4FE /* JavaScriptCore.framework */ = {isa = PBXFileReference; lastKnownFileType = wrapper.framework; name = JavaScriptCore.framework; path = System/Library/Frameworks/JavaScriptCore.framework; sourceTree = SDKROOT; };
		1F0D1003FAF7497AB8297467 /* AntDesign.ttf */ = {isa = PBXFileReference; name = "AntDesign.ttf"; path = "../assets/fonts/AntDesign.ttf"; sourceTree = "<group>"; fileEncoding = undefined; lastKnownFileType = unknown; explicitFileType = undefined; includeInIndex = 0; };
		398DE2ACA94942D3BCE35970 /* Entypo.ttf */ = {isa = PBXFileReference; name = "Entypo.ttf"; path = "../assets/fonts/Entypo.ttf"; sourceTree = "<group>"; fileEncoding = undefined; lastKnownFileType = unknown; explicitFileType = undefined; includeInIndex = 0; };
		E2FAE0E2FF9E4A8198DA4FA6 /* EvilIcons.ttf */ = {isa = PBXFileReference; name = "EvilIcons.ttf"; path = "../assets/fonts/EvilIcons.ttf"; sourceTree = "<group>"; fileEncoding = undefined; lastKnownFileType = unknown; explicitFileType = undefined; includeInIndex = 0; };
		F72E94AC7D1A415C96C1536C /* Feather.ttf */ = {isa = PBXFileReference; name = "Feather.ttf"; path = "../assets/fonts/Feather.ttf"; sourceTree = "<group>"; fileEncoding = undefined; lastKnownFileType = unknown; explicitFileType = undefined; includeInIndex = 0; };
		A77AEB50F6064682A96C227A /* FontAwesome.ttf */ = {isa = PBXFileReference; name = "FontAwesome.ttf"; path = "../assets/fonts/FontAwesome.ttf"; sourceTree = "<group>"; fileEncoding = undefined; lastKnownFileType = unknown; explicitFileType = undefined; includeInIndex = 0; };
		2C3C1C379D4D43CAB5A1AD60 /* FontAwesome5_Brands.ttf */ = {isa = PBXFileReference; name = "FontAwesome5_Brands.ttf"; path = "../assets/fonts/FontAwesome5_Brands.ttf"; sourceTree = "<group>"; fileEncoding = undefined; lastKnownFileType = unknown; explicitFileType = undefined; includeInIndex = 0; };
		74A68DE8BB4A47969DAE37C4 /* FontAwesome5_Regular.ttf */ = {isa = PBXFileReference; name = "FontAwesome5_Regular.ttf"; path = "../assets/fonts/FontAwesome5_Regular.ttf"; sourceTree = "<group>"; fileEncoding = undefined; lastKnownFileType = unknown; explicitFileType = undefined; includeInIndex = 0; };
		9D1E905B87FE44FD9A3B7F9B /* FontAwesome5_Solid.ttf */ = {isa = PBXFileReference; name = "FontAwesome5_Solid.ttf"; path = "../assets/fonts/FontAwesome5_Solid.ttf"; sourceTree = "<group>"; fileEncoding = undefined; lastKnownFileType = unknown; explicitFileType = undefined; includeInIndex = 0; };
		0D2F2E6BB4474281BE967599 /* FontAwesome6_Brands.ttf */ = {isa = PBXFileReference; name = "FontAwesome6_Brands.ttf"; path = "../assets/fonts/FontAwesome6_Brands.ttf"; sourceTree = "<group>"; fileEncoding = undefined; lastKnownFileType = unknown; explicitFileType = undefined; includeInIndex = 0; };
		147001DD756143A398A82D6A /* FontAwesome6_Regular.ttf */ = {isa = PBXFileReference; name = "FontAwesome6_Regular.ttf"; path = "../assets/fonts/FontAwesome6_Regular.ttf"; sourceTree = "<group>"; fileEncoding = undefined; lastKnownFileType = unknown; explicitFileType = undefined; includeInIndex = 0; };
		710C67EFF5254826A6B83326 /* FontAwesome6_Solid.ttf */ = {isa = PBXFileReference; name = "FontAwesome6_Solid.ttf"; path = "../assets/fonts/FontAwesome6_Solid.ttf"; sourceTree = "<group>"; fileEncoding = undefined; lastKnownFileType = unknown; explicitFileType = undefined; includeInIndex = 0; };
		D2062D2F5D3B45C7ACAE0649 /* Fontisto.ttf */ = {isa = PBXFileReference; name = "Fontisto.ttf"; path = "../assets/fonts/Fontisto.ttf"; sourceTree = "<group>"; fileEncoding = undefined; lastKnownFileType = unknown; explicitFileType = undefined; includeInIndex = 0; };
		70CF807CA46148B68D75D1F2 /* Foundation.ttf */ = {isa = PBXFileReference; name = "Foundation.ttf"; path = "../assets/fonts/Foundation.ttf"; sourceTree = "<group>"; fileEncoding = undefined; lastKnownFileType = unknown; explicitFileType = undefined; includeInIndex = 0; };
		F9656374339848A698907506 /* Ionicons.ttf */ = {isa = PBXFileReference; name = "Ionicons.ttf"; path = "../assets/fonts/Ionicons.ttf"; sourceTree = "<group>"; fileEncoding = undefined; lastKnownFileType = unknown; explicitFileType = undefined; includeInIndex = 0; };
		FCC79453AB2A4E7EAAD79498 /* MaterialCommunityIcons.ttf */ = {isa = PBXFileReference; name = "MaterialCommunityIcons.ttf"; path = "../assets/fonts/MaterialCommunityIcons.ttf"; sourceTree = "<group>"; fileEncoding = undefined; lastKnownFileType = unknown; explicitFileType = undefined; includeInIndex = 0; };
		F900991D608649E48DB7F76E /* MaterialIcons.ttf */ = {isa = PBXFileReference; name = "MaterialIcons.ttf"; path = "../assets/fonts/MaterialIcons.ttf"; sourceTree = "<group>"; fileEncoding = undefined; lastKnownFileType = unknown; explicitFileType = undefined; includeInIndex = 0; };
		AB243F54FFCF406882BA3820 /* Octicons.ttf */ = {isa = PBXFileReference; name = "Octicons.ttf"; path = "../assets/fonts/Octicons.ttf"; sourceTree = "<group>"; fileEncoding = undefined; lastKnownFileType = unknown; explicitFileType = undefined; includeInIndex = 0; };
		2F4BC64EE344456D8C6AFEE5 /* OpenSans-Italic-VariableFont_wdth,wght.ttf */ = {isa = PBXFileReference; name = "OpenSans-Italic-VariableFont_wdth,wght.ttf"; path = "../assets/fonts/OpenSans-Italic-VariableFont_wdth,wght.ttf"; sourceTree = "<group>"; fileEncoding = undefined; lastKnownFileType = unknown; explicitFileType = undefined; includeInIndex = 0; };
		4BE4EAC88F4A4541B39693B1 /* OpenSans-VariableFont_wdth,wght.ttf */ = {isa = PBXFileReference; name = "OpenSans-VariableFont_wdth,wght.ttf"; path = "../assets/fonts/OpenSans-VariableFont_wdth,wght.ttf"; sourceTree = "<group>"; fileEncoding = undefined; lastKnownFileType = unknown; explicitFileType = undefined; includeInIndex = 0; };
		DF91909038D94BC7A663C0DD /* PlayfairDisplay-Italic-VariableFont_wght.ttf */ = {isa = PBXFileReference; name = "PlayfairDisplay-Italic-VariableFont_wght.ttf"; path = "../assets/fonts/PlayfairDisplay-Italic-VariableFont_wght.ttf"; sourceTree = "<group>"; fileEncoding = undefined; lastKnownFileType = unknown; explicitFileType = undefined; includeInIndex = 0; };
		7D592628460244D09722036D /* PlayfairDisplay-VariableFont_wght.ttf */ = {isa = PBXFileReference; name = "PlayfairDisplay-VariableFont_wght.ttf"; path = "../assets/fonts/PlayfairDisplay-VariableFont_wght.ttf"; sourceTree = "<group>"; fileEncoding = undefined; lastKnownFileType = unknown; explicitFileType = undefined; includeInIndex = 0; };
		F25EE24D8B8E46F692D68518 /* Poppins-Black.ttf */ = {isa = PBXFileReference; name = "Poppins-Black.ttf"; path = "../assets/fonts/Poppins-Black.ttf"; sourceTree = "<group>"; fileEncoding = undefined; lastKnownFileType = unknown; explicitFileType = undefined; includeInIndex = 0; };
		B8CBF8EA4D0E4864897FAC8F /* Poppins-BlackItalic.ttf */ = {isa = PBXFileReference; name = "Poppins-BlackItalic.ttf"; path = "../assets/fonts/Poppins-BlackItalic.ttf"; sourceTree = "<group>"; fileEncoding = undefined; lastKnownFileType = unknown; explicitFileType = undefined; includeInIndex = 0; };
		45A00BDFA91A46A88CD6CA57 /* Poppins-Bold.ttf */ = {isa = PBXFileReference; name = "Poppins-Bold.ttf"; path = "../assets/fonts/Poppins-Bold.ttf"; sourceTree = "<group>"; fileEncoding = undefined; lastKnownFileType = unknown; explicitFileType = undefined; includeInIndex = 0; };
		D6BCED811DE0493AB4C62F64 /* Poppins-BoldItalic.ttf */ = {isa = PBXFileReference; name = "Poppins-BoldItalic.ttf"; path = "../assets/fonts/Poppins-BoldItalic.ttf"; sourceTree = "<group>"; fileEncoding = undefined; lastKnownFileType = unknown; explicitFileType = undefined; includeInIndex = 0; };
		F8244FD669AB4B8B96A9E006 /* Poppins-ExtraBold.ttf */ = {isa = PBXFileReference; name = "Poppins-ExtraBold.ttf"; path = "../assets/fonts/Poppins-ExtraBold.ttf"; sourceTree = "<group>"; fileEncoding = undefined; lastKnownFileType = unknown; explicitFileType = undefined; includeInIndex = 0; };
		A88F403966AD4CE5A2E18051 /* Poppins-ExtraBoldItalic.ttf */ = {isa = PBXFileReference; name = "Poppins-ExtraBoldItalic.ttf"; path = "../assets/fonts/Poppins-ExtraBoldItalic.ttf"; sourceTree = "<group>"; fileEncoding = undefined; lastKnownFileType = unknown; explicitFileType = undefined; includeInIndex = 0; };
		0B9D8A8367B14D9D8E714FC3 /* Poppins-ExtraLight.ttf */ = {isa = PBXFileReference; name = "Poppins-ExtraLight.ttf"; path = "../assets/fonts/Poppins-ExtraLight.ttf"; sourceTree = "<group>"; fileEncoding = undefined; lastKnownFileType = unknown; explicitFileType = undefined; includeInIndex = 0; };
		0C30D525E752405691A8E283 /* Poppins-ExtraLightItalic.ttf */ = {isa = PBXFileReference; name = "Poppins-ExtraLightItalic.ttf"; path = "../assets/fonts/Poppins-ExtraLightItalic.ttf"; sourceTree = "<group>"; fileEncoding = undefined; lastKnownFileType = unknown; explicitFileType = undefined; includeInIndex = 0; };
		6B938432543C49E3B990CF6D /* Poppins-Italic.ttf */ = {isa = PBXFileReference; name = "Poppins-Italic.ttf"; path = "../assets/fonts/Poppins-Italic.ttf"; sourceTree = "<group>"; fileEncoding = undefined; lastKnownFileType = unknown; explicitFileType = undefined; includeInIndex = 0; };
		4D301C76E2E041549E7B4ECF /* Poppins-Light.ttf */ = {isa = PBXFileReference; name = "Poppins-Light.ttf"; path = "../assets/fonts/Poppins-Light.ttf"; sourceTree = "<group>"; fileEncoding = undefined; lastKnownFileType = unknown; explicitFileType = undefined; includeInIndex = 0; };
		A7B8C2628E5A425A9B6AE4F5 /* Poppins-LightItalic.ttf */ = {isa = PBXFileReference; name = "Poppins-LightItalic.ttf"; path = "../assets/fonts/Poppins-LightItalic.ttf"; sourceTree = "<group>"; fileEncoding = undefined; lastKnownFileType = unknown; explicitFileType = undefined; includeInIndex = 0; };
		4E4AD3149CF3490F9B106A6A /* Poppins-Medium.ttf */ = {isa = PBXFileReference; name = "Poppins-Medium.ttf"; path = "../assets/fonts/Poppins-Medium.ttf"; sourceTree = "<group>"; fileEncoding = undefined; lastKnownFileType = unknown; explicitFileType = undefined; includeInIndex = 0; };
		0DA264F5B8BA4AF19B847F9F /* Poppins-MediumItalic.ttf */ = {isa = PBXFileReference; name = "Poppins-MediumItalic.ttf"; path = "../assets/fonts/Poppins-MediumItalic.ttf"; sourceTree = "<group>"; fileEncoding = undefined; lastKnownFileType = unknown; explicitFileType = undefined; includeInIndex = 0; };
		32564341F4B74B81947CC2C7 /* Poppins-Regular.ttf */ = {isa = PBXFileReference; name = "Poppins-Regular.ttf"; path = "../assets/fonts/Poppins-Regular.ttf"; sourceTree = "<group>"; fileEncoding = undefined; lastKnownFileType = unknown; explicitFileType = undefined; includeInIndex = 0; };
		38D0AA6D829F41C2BC0AF029 /* Poppins-SemiBold.ttf */ = {isa = PBXFileReference; name = "Poppins-SemiBold.ttf"; path = "../assets/fonts/Poppins-SemiBold.ttf"; sourceTree = "<group>"; fileEncoding = undefined; lastKnownFileType = unknown; explicitFileType = undefined; includeInIndex = 0; };
		ABE59A7B88444E94A7189E6A /* Poppins-SemiBoldItalic.ttf */ = {isa = PBXFileReference; name = "Poppins-SemiBoldItalic.ttf"; path = "../assets/fonts/Poppins-SemiBoldItalic.ttf"; sourceTree = "<group>"; fileEncoding = undefined; lastKnownFileType = unknown; explicitFileType = undefined; includeInIndex = 0; };
		9ECFBD48164246428AEC1A90 /* Poppins-Thin.ttf */ = {isa = PBXFileReference; name = "Poppins-Thin.ttf"; path = "../assets/fonts/Poppins-Thin.ttf"; sourceTree = "<group>"; fileEncoding = undefined; lastKnownFileType = unknown; explicitFileType = undefined; includeInIndex = 0; };
		82CEB3620CB94AD8A71171D2 /* Poppins-ThinItalic.ttf */ = {isa = PBXFileReference; name = "Poppins-ThinItalic.ttf"; path = "../assets/fonts/Poppins-ThinItalic.ttf"; sourceTree = "<group>"; fileEncoding = undefined; lastKnownFileType = unknown; explicitFileType = undefined; includeInIndex = 0; };
		9003A4844A034B3EBB015B66 /* SimpleLineIcons.ttf */ = {isa = PBXFileReference; name = "SimpleLineIcons.ttf"; path = "../assets/fonts/SimpleLineIcons.ttf"; sourceTree = "<group>"; fileEncoding = undefined; lastKnownFileType = unknown; explicitFileType = undefined; includeInIndex = 0; };
		C27AFFABE8F54A228D8190E6 /* Zocial.ttf */ = {isa = PBXFileReference; name = "Zocial.ttf"; path = "../assets/fonts/Zocial.ttf"; sourceTree = "<group>"; fileEncoding = undefined; lastKnownFileType = unknown; explicitFileType = undefined; includeInIndex = 0; };
/* End PBXFileReference section */

/* Begin PBXFrameworksBuildPhase section */
		00E356EB1AD99517003FC87E /* Frameworks */ = {
			isa = PBXFrameworksBuildPhase;
			buildActionMask = 2147483647;
			files = (
				7699B88040F8A987B510C191 /* libPods-TodoListWork-TodoListWorkTests.a in Frameworks */,
			);
			runOnlyForDeploymentPostprocessing = 0;
		};
		13B07F8C1A680F5B00A75B9A /* Frameworks */ = {
			isa = PBXFrameworksBuildPhase;
			buildActionMask = 2147483647;
			files = (
				0C80B921A6F3F58F76C31292 /* libPods-TodoListWork.a in Frameworks */,
			);
			runOnlyForDeploymentPostprocessing = 0;
		};
/* End PBXFrameworksBuildPhase section */

/* Begin PBXGroup section */
		00E356EF1AD99517003FC87E /* TodoListWorkTests */ = {
			isa = PBXGroup;
			children = (
				00E356F21AD99517003FC87E /* TodoListWorkTests.m */,
				00E356F01AD99517003FC87E /* Supporting Files */,
			);
			path = TodoListWorkTests;
			sourceTree = "<group>";
		};
		00E356F01AD99517003FC87E /* Supporting Files */ = {
			isa = PBXGroup;
			children = (
				00E356F11AD99517003FC87E /* Info.plist */,
			);
			name = "Supporting Files";
			sourceTree = "<group>";
		};
		13B07FAE1A68108700A75B9A /* TodoListWork */ = {
			isa = PBXGroup;
			children = (
				13B07FAF1A68108700A75B9A /* AppDelegate.h */,
				13B07FB01A68108700A75B9A /* AppDelegate.mm */,
				13B07FB51A68108700A75B9A /* Images.xcassets */,
				13B07FB61A68108700A75B9A /* Info.plist */,
				81AB9BB72411601600AC10FF /* LaunchScreen.storyboard */,
				13B07FB71A68108700A75B9A /* main.m */,
				13B07FB81A68108700A75B9A /* PrivacyInfo.xcprivacy */,
			);
			name = TodoListWork;
			sourceTree = "<group>";
		};
		2D16E6871FA4F8E400B85C8A /* Frameworks */ = {
			isa = PBXGroup;
			children = (
				ED297162215061F000B7C4FE /* JavaScriptCore.framework */,
				5DCACB8F33CDC322A6C60F78 /* libPods-TodoListWork.a */,
				19F6CBCC0A4E27FBF8BF4A61 /* libPods-TodoListWork-TodoListWorkTests.a */,
			);
			name = Frameworks;
			sourceTree = "<group>";
		};
		832341AE1AAA6A7D00B99B32 /* Libraries */ = {
			isa = PBXGroup;
			children = (
			);
			name = Libraries;
			sourceTree = "<group>";
		};
		83CBB9F61A601CBA00E9B192 = {
			isa = PBXGroup;
			children = (
				13B07FAE1A68108700A75B9A /* TodoListWork */,
				832341AE1AAA6A7D00B99B32 /* Libraries */,
				00E356EF1AD99517003FC87E /* TodoListWorkTests */,
				83CBBA001A601CBA00E9B192 /* Products */,
				2D16E6871FA4F8E400B85C8A /* Frameworks */,
				BBD78D7AC51CEA395F1C20DB /* Pods */,
				BFDD48D7E44544D18AE5ECEF /* Resources */,
			);
			indentWidth = 2;
			sourceTree = "<group>";
			tabWidth = 2;
			usesTabs = 0;
		};
		83CBBA001A601CBA00E9B192 /* Products */ = {
			isa = PBXGroup;
			children = (
				13B07F961A680F5B00A75B9A /* TodoListWork.app */,
				00E356EE1AD99517003FC87E /* TodoListWorkTests.xctest */,
			);
			name = Products;
			sourceTree = "<group>";
		};
		BBD78D7AC51CEA395F1C20DB /* Pods */ = {
			isa = PBXGroup;
			children = (
				3B4392A12AC88292D35C810B /* Pods-TodoListWork.debug.xcconfig */,
				5709B34CF0A7D63546082F79 /* Pods-TodoListWork.release.xcconfig */,
				5B7EB9410499542E8C5724F5 /* Pods-TodoListWork-TodoListWorkTests.debug.xcconfig */,
				89C6BE57DB24E9ADA2F236DE /* Pods-TodoListWork-TodoListWorkTests.release.xcconfig */,
			);
			path = Pods;
			sourceTree = "<group>";
		};
		BFDD48D7E44544D18AE5ECEF /* Resources */ = {
			isa = "PBXGroup";
			children = (
				1F0D1003FAF7497AB8297467 /* AntDesign.ttf */,
				398DE2ACA94942D3BCE35970 /* Entypo.ttf */,
				E2FAE0E2FF9E4A8198DA4FA6 /* EvilIcons.ttf */,
				F72E94AC7D1A415C96C1536C /* Feather.ttf */,
				A77AEB50F6064682A96C227A /* FontAwesome.ttf */,
				2C3C1C379D4D43CAB5A1AD60 /* FontAwesome5_Brands.ttf */,
				74A68DE8BB4A47969DAE37C4 /* FontAwesome5_Regular.ttf */,
				9D1E905B87FE44FD9A3B7F9B /* FontAwesome5_Solid.ttf */,
				0D2F2E6BB4474281BE967599 /* FontAwesome6_Brands.ttf */,
				147001DD756143A398A82D6A /* FontAwesome6_Regular.ttf */,
				710C67EFF5254826A6B83326 /* FontAwesome6_Solid.ttf */,
				D2062D2F5D3B45C7ACAE0649 /* Fontisto.ttf */,
				70CF807CA46148B68D75D1F2 /* Foundation.ttf */,
				F9656374339848A698907506 /* Ionicons.ttf */,
				FCC79453AB2A4E7EAAD79498 /* MaterialCommunityIcons.ttf */,
				F900991D608649E48DB7F76E /* MaterialIcons.ttf */,
				AB243F54FFCF406882BA3820 /* Octicons.ttf */,
				2F4BC64EE344456D8C6AFEE5 /* OpenSans-Italic-VariableFont_wdth,wght.ttf */,
				4BE4EAC88F4A4541B39693B1 /* OpenSans-VariableFont_wdth,wght.ttf */,
				DF91909038D94BC7A663C0DD /* PlayfairDisplay-Italic-VariableFont_wght.ttf */,
				7D592628460244D09722036D /* PlayfairDisplay-VariableFont_wght.ttf */,
				F25EE24D8B8E46F692D68518 /* Poppins-Black.ttf */,
				B8CBF8EA4D0E4864897FAC8F /* Poppins-BlackItalic.ttf */,
				45A00BDFA91A46A88CD6CA57 /* Poppins-Bold.ttf */,
				D6BCED811DE0493AB4C62F64 /* Poppins-BoldItalic.ttf */,
				F8244FD669AB4B8B96A9E006 /* Poppins-ExtraBold.ttf */,
				A88F403966AD4CE5A2E18051 /* Poppins-ExtraBoldItalic.ttf */,
				0B9D8A8367B14D9D8E714FC3 /* Poppins-ExtraLight.ttf */,
				0C30D525E752405691A8E283 /* Poppins-ExtraLightItalic.ttf */,
				6B938432543C49E3B990CF6D /* Poppins-Italic.ttf */,
				4D301C76E2E041549E7B4ECF /* Poppins-Light.ttf */,
				A7B8C2628E5A425A9B6AE4F5 /* Poppins-LightItalic.ttf */,
				4E4AD3149CF3490F9B106A6A /* Poppins-Medium.ttf */,
				0DA264F5B8BA4AF19B847F9F /* Poppins-MediumItalic.ttf */,
				32564341F4B74B81947CC2C7 /* Poppins-Regular.ttf */,
				38D0AA6D829F41C2BC0AF029 /* Poppins-SemiBold.ttf */,
				ABE59A7B88444E94A7189E6A /* Poppins-SemiBoldItalic.ttf */,
				9ECFBD48164246428AEC1A90 /* Poppins-Thin.ttf */,
				82CEB3620CB94AD8A71171D2 /* Poppins-ThinItalic.ttf */,
				9003A4844A034B3EBB015B66 /* SimpleLineIcons.ttf */,
				C27AFFABE8F54A228D8190E6 /* Zocial.ttf */,
			);
			name = Resources;
			sourceTree = "<group>";
			path = "";
		};
/* End PBXGroup section */

/* Begin PBXNativeTarget section */
		00E356ED1AD99517003FC87E /* TodoListWorkTests */ = {
			isa = PBXNativeTarget;
			buildConfigurationList = 00E357021AD99517003FC87E /* Build configuration list for PBXNativeTarget "TodoListWorkTests" */;
			buildPhases = (
				A55EABD7B0C7F3A422A6CC61 /* [CP] Check Pods Manifest.lock */,
				00E356EA1AD99517003FC87E /* Sources */,
				00E356EB1AD99517003FC87E /* Frameworks */,
				00E356EC1AD99517003FC87E /* Resources */,
				C59DA0FBD6956966B86A3779 /* [CP] Embed Pods Frameworks */,
				F6A41C54EA430FDDC6A6ED99 /* [CP] Copy Pods Resources */,
			);
			buildRules = (
			);
			dependencies = (
				00E356F51AD99517003FC87E /* PBXTargetDependency */,
			);
			name = TodoListWorkTests;
			productName = TodoListWorkTests;
			productReference = 00E356EE1AD99517003FC87E /* TodoListWorkTests.xctest */;
			productType = "com.apple.product-type.bundle.unit-test";
		};
		13B07F861A680F5B00A75B9A /* TodoListWork */ = {
			isa = PBXNativeTarget;
			buildConfigurationList = 13B07F931A680F5B00A75B9A /* Build configuration list for PBXNativeTarget "TodoListWork" */;
			buildPhases = (
				C38B50BA6285516D6DCD4F65 /* [CP] Check Pods Manifest.lock */,
				13B07F871A680F5B00A75B9A /* Sources */,
				13B07F8C1A680F5B00A75B9A /* Frameworks */,
				13B07F8E1A680F5B00A75B9A /* Resources */,
				00DD1BFF1BD5951E006B06BC /* Bundle React Native code and images */,
				00EEFC60759A1932668264C0 /* [CP] Embed Pods Frameworks */,
				E235C05ADACE081382539298 /* [CP] Copy Pods Resources */,
			);
			buildRules = (
			);
			dependencies = (
			);
			name = TodoListWork;
			productName = TodoListWork;
			productReference = 13B07F961A680F5B00A75B9A /* TodoListWork.app */;
			productType = "com.apple.product-type.application";
		};
/* End PBXNativeTarget section */

/* Begin PBXProject section */
		83CBB9F71A601CBA00E9B192 /* Project object */ = {
			isa = PBXProject;
			attributes = {
				LastUpgradeCheck = 1210;
				TargetAttributes = {
					00E356ED1AD99517003FC87E = {
						CreatedOnToolsVersion = 6.2;
						TestTargetID = 13B07F861A680F5B00A75B9A;
					};
					13B07F861A680F5B00A75B9A = {
						LastSwiftMigration = 1120;
					};
				};
			};
			buildConfigurationList = 83CBB9FA1A601CBA00E9B192 /* Build configuration list for PBXProject "TodoListWork" */;
			compatibilityVersion = "Xcode 12.0";
			developmentRegion = en;
			hasScannedForEncodings = 0;
			knownRegions = (
				en,
				Base,
			);
			mainGroup = 83CBB9F61A601CBA00E9B192;
			productRefGroup = 83CBBA001A601CBA00E9B192 /* Products */;
			projectDirPath = "";
			projectRoot = "";
			targets = (
				13B07F861A680F5B00A75B9A /* TodoListWork */,
				00E356ED1AD99517003FC87E /* TodoListWorkTests */,
			);
		};
/* End PBXProject section */

/* Begin PBXResourcesBuildPhase section */
		00E356EC1AD99517003FC87E /* Resources */ = {
			isa = PBXResourcesBuildPhase;
			buildActionMask = 2147483647;
			files = (
			);
			runOnlyForDeploymentPostprocessing = 0;
		};
		13B07F8E1A680F5B00A75B9A /* Resources */ = {
			isa = PBXResourcesBuildPhase;
			buildActionMask = 2147483647;
			files = (
				81AB9BB82411601600AC10FF /* LaunchScreen.storyboard in Resources */,
				13B07FBF1A68108700A75B9A /* Images.xcassets in Resources */,
				FB0A3C7E3A4D4B49A394CA5B /* AntDesign.ttf in Resources */,
				9BB5E0204D5F47048C41B738 /* Entypo.ttf in Resources */,
				0EA2BA7EA0AF4668921E4246 /* EvilIcons.ttf in Resources */,
				F8971265177C458BBB11126C /* Feather.ttf in Resources */,
				716A8EC8D4B34AB1B0CFDD94 /* FontAwesome.ttf in Resources */,
				AF674E5C85A0466C87DFEA31 /* FontAwesome5_Brands.ttf in Resources */,
				47E7E697CE524CDD8E53B560 /* FontAwesome5_Regular.ttf in Resources */,
				35BE206B3539436C9465674E /* FontAwesome5_Solid.ttf in Resources */,
				9912387829134499B2798BF7 /* FontAwesome6_Brands.ttf in Resources */,
				79FBF0779D7E4B739716866E /* FontAwesome6_Regular.ttf in Resources */,
				E86B7EB3DE314ED3B3252221 /* FontAwesome6_Solid.ttf in Resources */,
				50FE90ECD5194EE3BEA40B28 /* Fontisto.ttf in Resources */,
				181772C9381C4AF98B725751 /* Foundation.ttf in Resources */,
				E58FBC4F336C4DB7B9B2B6B4 /* Ionicons.ttf in Resources */,
				091D746E4B23449CA14D7660 /* MaterialCommunityIcons.ttf in Resources */,
				F8B88EF160024E15A8F979A7 /* MaterialIcons.ttf in Resources */,
				77C5BAE6C67843448FE1D8C5 /* Octicons.ttf in Resources */,
				C96205630C274094A0BA894F /* OpenSans-Italic-VariableFont_wdth,wght.ttf in Resources */,
				033891BBC2744F77BCAD429A /* OpenSans-VariableFont_wdth,wght.ttf in Resources */,
				5730C0EF0BB048939523BE36 /* PlayfairDisplay-Italic-VariableFont_wght.ttf in Resources */,
				B4060D1893284C4EA6B26E86 /* PlayfairDisplay-VariableFont_wght.ttf in Resources */,
				92834D728A164723814BB858 /* Poppins-Black.ttf in Resources */,
				65F97BA03B5A4DFFBE491B60 /* Poppins-BlackItalic.ttf in Resources */,
				201F6894B71C46B29B6A914C /* Poppins-Bold.ttf in Resources */,
				67EAB66B4BEA439CBF0C1792 /* Poppins-BoldItalic.ttf in Resources */,
				5D56C81E51484B45AC839ADA /* Poppins-ExtraBold.ttf in Resources */,
				79343388018C41E395ED9623 /* Poppins-ExtraBoldItalic.ttf in Resources */,
				BA202E034B4D44218E236C47 /* Poppins-ExtraLight.ttf in Resources */,
				0A7CC55303284FA48C115DFC /* Poppins-ExtraLightItalic.ttf in Resources */,
				3EF210B48E94435AB0DA8A32 /* Poppins-Italic.ttf in Resources */,
				D266448E735B42DE83CCED40 /* Poppins-Light.ttf in Resources */,
				0CEAF94C47804CD5A57BDE13 /* Poppins-LightItalic.ttf in Resources */,
				8EAC0656550D4F5490BAEB27 /* Poppins-Medium.ttf in Resources */,
				149141B9D91D4D54842E8554 /* Poppins-MediumItalic.ttf in Resources */,
				06C0E11885EF421C99B67ADB /* Poppins-Regular.ttf in Resources */,
				1C3FB62E77A148CD9814CAAF /* Poppins-SemiBold.ttf in Resources */,
				1941CA8CEBCF47E69201F7CD /* Poppins-SemiBoldItalic.ttf in Resources */,
				35A473D8E0E84B8CAA4925E8 /* Poppins-Thin.ttf in Resources */,
				FA855B45499440C087423304 /* Poppins-ThinItalic.ttf in Resources */,
				196B29160BAF404BBB644AD0 /* SimpleLineIcons.ttf in Resources */,
				7F6730D8DD51492DBB3D3736 /* Zocial.ttf in Resources */,
			);
			runOnlyForDeploymentPostprocessing = 0;
		};
/* End PBXResourcesBuildPhase section */

/* Begin PBXShellScriptBuildPhase section */
		00DD1BFF1BD5951E006B06BC /* Bundle React Native code and images */ = {
			isa = PBXShellScriptBuildPhase;
			buildActionMask = 2147483647;
			files = (
			);
			inputPaths = (
				"$(SRCROOT)/.xcode.env.local",
				"$(SRCROOT)/.xcode.env",
			);
			name = "Bundle React Native code and images";
			outputPaths = (
			);
			runOnlyForDeploymentPostprocessing = 0;
			shellPath = /bin/sh;
			shellScript = "set -e\n\nWITH_ENVIRONMENT=\"$REACT_NATIVE_PATH/scripts/xcode/with-environment.sh\"\nREACT_NATIVE_XCODE=\"$REACT_NATIVE_PATH/scripts/react-native-xcode.sh\"\n\n/bin/sh -c \"$WITH_ENVIRONMENT $REACT_NATIVE_XCODE\"\n";
		};
		00EEFC60759A1932668264C0 /* [CP] Embed Pods Frameworks */ = {
			isa = PBXShellScriptBuildPhase;
			buildActionMask = 2147483647;
			files = (
			);
			inputFileListPaths = (
				"${PODS_ROOT}/Target Support Files/Pods-TodoListWork/Pods-TodoListWork-frameworks-${CONFIGURATION}-input-files.xcfilelist",
			);
			name = "[CP] Embed Pods Frameworks";
			outputFileListPaths = (
				"${PODS_ROOT}/Target Support Files/Pods-TodoListWork/Pods-TodoListWork-frameworks-${CONFIGURATION}-output-files.xcfilelist",
			);
			runOnlyForDeploymentPostprocessing = 0;
			shellPath = /bin/sh;
			shellScript = "\"${PODS_ROOT}/Target Support Files/Pods-TodoListWork/Pods-TodoListWork-frameworks.sh\"\n";
			showEnvVarsInLog = 0;
		};
		A55EABD7B0C7F3A422A6CC61 /* [CP] Check Pods Manifest.lock */ = {
			isa = PBXShellScriptBuildPhase;
			buildActionMask = 2147483647;
			files = (
			);
			inputFileListPaths = (
			);
			inputPaths = (
				"${PODS_PODFILE_DIR_PATH}/Podfile.lock",
				"${PODS_ROOT}/Manifest.lock",
			);
			name = "[CP] Check Pods Manifest.lock";
			outputFileListPaths = (
			);
			outputPaths = (
				"$(DERIVED_FILE_DIR)/Pods-TodoListWork-TodoListWorkTests-checkManifestLockResult.txt",
			);
			runOnlyForDeploymentPostprocessing = 0;
			shellPath = /bin/sh;
			shellScript = "diff \"${PODS_PODFILE_DIR_PATH}/Podfile.lock\" \"${PODS_ROOT}/Manifest.lock\" > /dev/null\nif [ $? != 0 ] ; then\n    # print error to STDERR\n    echo \"error: The sandbox is not in sync with the Podfile.lock. Run 'pod install' or update your CocoaPods installation.\" >&2\n    exit 1\nfi\n# This output is used by Xcode 'outputs' to avoid re-running this script phase.\necho \"SUCCESS\" > \"${SCRIPT_OUTPUT_FILE_0}\"\n";
			showEnvVarsInLog = 0;
		};
		C38B50BA6285516D6DCD4F65 /* [CP] Check Pods Manifest.lock */ = {
			isa = PBXShellScriptBuildPhase;
			buildActionMask = 2147483647;
			files = (
			);
			inputFileListPaths = (
			);
			inputPaths = (
				"${PODS_PODFILE_DIR_PATH}/Podfile.lock",
				"${PODS_ROOT}/Manifest.lock",
			);
			name = "[CP] Check Pods Manifest.lock";
			outputFileListPaths = (
			);
			outputPaths = (
				"$(DERIVED_FILE_DIR)/Pods-TodoListWork-checkManifestLockResult.txt",
			);
			runOnlyForDeploymentPostprocessing = 0;
			shellPath = /bin/sh;
			shellScript = "diff \"${PODS_PODFILE_DIR_PATH}/Podfile.lock\" \"${PODS_ROOT}/Manifest.lock\" > /dev/null\nif [ $? != 0 ] ; then\n    # print error to STDERR\n    echo \"error: The sandbox is not in sync with the Podfile.lock. Run 'pod install' or update your CocoaPods installation.\" >&2\n    exit 1\nfi\n# This output is used by Xcode 'outputs' to avoid re-running this script phase.\necho \"SUCCESS\" > \"${SCRIPT_OUTPUT_FILE_0}\"\n";
			showEnvVarsInLog = 0;
		};
		C59DA0FBD6956966B86A3779 /* [CP] Embed Pods Frameworks */ = {
			isa = PBXShellScriptBuildPhase;
			buildActionMask = 2147483647;
			files = (
			);
			inputFileListPaths = (
				"${PODS_ROOT}/Target Support Files/Pods-TodoListWork-TodoListWorkTests/Pods-TodoListWork-TodoListWorkTests-frameworks-${CONFIGURATION}-input-files.xcfilelist",
			);
			name = "[CP] Embed Pods Frameworks";
			outputFileListPaths = (
				"${PODS_ROOT}/Target Support Files/Pods-TodoListWork-TodoListWorkTests/Pods-TodoListWork-TodoListWorkTests-frameworks-${CONFIGURATION}-output-files.xcfilelist",
			);
			runOnlyForDeploymentPostprocessing = 0;
			shellPath = /bin/sh;
			shellScript = "\"${PODS_ROOT}/Target Support Files/Pods-TodoListWork-TodoListWorkTests/Pods-TodoListWork-TodoListWorkTests-frameworks.sh\"\n";
			showEnvVarsInLog = 0;
		};
		E235C05ADACE081382539298 /* [CP] Copy Pods Resources */ = {
			isa = PBXShellScriptBuildPhase;
			buildActionMask = 2147483647;
			files = (
			);
			inputFileListPaths = (
				"${PODS_ROOT}/Target Support Files/Pods-TodoListWork/Pods-TodoListWork-resources-${CONFIGURATION}-input-files.xcfilelist",
			);
			name = "[CP] Copy Pods Resources";
			outputFileListPaths = (
				"${PODS_ROOT}/Target Support Files/Pods-TodoListWork/Pods-TodoListWork-resources-${CONFIGURATION}-output-files.xcfilelist",
			);
			runOnlyForDeploymentPostprocessing = 0;
			shellPath = /bin/sh;
			shellScript = "\"${PODS_ROOT}/Target Support Files/Pods-TodoListWork/Pods-TodoListWork-resources.sh\"\n";
			showEnvVarsInLog = 0;
		};
		F6A41C54EA430FDDC6A6ED99 /* [CP] Copy Pods Resources */ = {
			isa = PBXShellScriptBuildPhase;
			buildActionMask = 2147483647;
			files = (
			);
			inputFileListPaths = (
				"${PODS_ROOT}/Target Support Files/Pods-TodoListWork-TodoListWorkTests/Pods-TodoListWork-TodoListWorkTests-resources-${CONFIGURATION}-input-files.xcfilelist",
			);
			name = "[CP] Copy Pods Resources";
			outputFileListPaths = (
				"${PODS_ROOT}/Target Support Files/Pods-TodoListWork-TodoListWorkTests/Pods-TodoListWork-TodoListWorkTests-resources-${CONFIGURATION}-output-files.xcfilelist",
			);
			runOnlyForDeploymentPostprocessing = 0;
			shellPath = /bin/sh;
			shellScript = "\"${PODS_ROOT}/Target Support Files/Pods-TodoListWork-TodoListWorkTests/Pods-TodoListWork-TodoListWorkTests-resources.sh\"\n";
			showEnvVarsInLog = 0;
		};
/* End PBXShellScriptBuildPhase section */

/* Begin PBXSourcesBuildPhase section */
		00E356EA1AD99517003FC87E /* Sources */ = {
			isa = PBXSourcesBuildPhase;
			buildActionMask = 2147483647;
			files = (
				00E356F31AD99517003FC87E /* TodoListWorkTests.m in Sources */,
			);
			runOnlyForDeploymentPostprocessing = 0;
		};
		13B07F871A680F5B00A75B9A /* Sources */ = {
			isa = PBXSourcesBuildPhase;
			buildActionMask = 2147483647;
			files = (
				13B07FBC1A68108700A75B9A /* AppDelegate.mm in Sources */,
				13B07FC11A68108700A75B9A /* main.m in Sources */,
			);
			runOnlyForDeploymentPostprocessing = 0;
		};
/* End PBXSourcesBuildPhase section */

/* Begin PBXTargetDependency section */
		00E356F51AD99517003FC87E /* PBXTargetDependency */ = {
			isa = PBXTargetDependency;
			target = 13B07F861A680F5B00A75B9A /* TodoListWork */;
			targetProxy = 00E356F41AD99517003FC87E /* PBXContainerItemProxy */;
		};
/* End PBXTargetDependency section */

/* Begin XCBuildConfiguration section */
		00E356F61AD99517003FC87E /* Debug */ = {
			isa = XCBuildConfiguration;
			baseConfigurationReference = 5B7EB9410499542E8C5724F5 /* Pods-TodoListWork-TodoListWorkTests.debug.xcconfig */;
			buildSettings = {
				BUNDLE_LOADER = "$(TEST_HOST)";
				GCC_PREPROCESSOR_DEFINITIONS = (
					"DEBUG=1",
					"$(inherited)",
				);
				INFOPLIST_FILE = TodoListWorkTests/Info.plist;
				IPHONEOS_DEPLOYMENT_TARGET = 13.4;
				LD_RUNPATH_SEARCH_PATHS = (
					"$(inherited)",
					"@executable_path/Frameworks",
					"@loader_path/Frameworks",
				);
				OTHER_LDFLAGS = (
					"-ObjC",
					"-lc++",
					"$(inherited)",
				);
				PRODUCT_BUNDLE_IDENTIFIER = "org.reactjs.native.example.$(PRODUCT_NAME:rfc1034identifier)";
				PRODUCT_NAME = "$(TARGET_NAME)";
				TEST_HOST = "$(BUILT_PRODUCTS_DIR)/TodoListWork.app/TodoListWork";
			};
			name = Debug;
		};
		00E356F71AD99517003FC87E /* Release */ = {
			isa = XCBuildConfiguration;
			baseConfigurationReference = 89C6BE57DB24E9ADA2F236DE /* Pods-TodoListWork-TodoListWorkTests.release.xcconfig */;
			buildSettings = {
				BUNDLE_LOADER = "$(TEST_HOST)";
				COPY_PHASE_STRIP = NO;
				INFOPLIST_FILE = TodoListWorkTests/Info.plist;
				IPHONEOS_DEPLOYMENT_TARGET = 13.4;
				LD_RUNPATH_SEARCH_PATHS = (
					"$(inherited)",
					"@executable_path/Frameworks",
					"@loader_path/Frameworks",
				);
				OTHER_LDFLAGS = (
					"-ObjC",
					"-lc++",
					"$(inherited)",
				);
				PRODUCT_BUNDLE_IDENTIFIER = "org.reactjs.native.example.$(PRODUCT_NAME:rfc1034identifier)";
				PRODUCT_NAME = "$(TARGET_NAME)";
				TEST_HOST = "$(BUILT_PRODUCTS_DIR)/TodoListWork.app/TodoListWork";
			};
			name = Release;
		};
		13B07F941A680F5B00A75B9A /* Debug */ = {
			isa = XCBuildConfiguration;
			baseConfigurationReference = 3B4392A12AC88292D35C810B /* Pods-TodoListWork.debug.xcconfig */;
			buildSettings = {
				ASSETCATALOG_COMPILER_APPICON_NAME = AppIcon;
				CLANG_ENABLE_MODULES = YES;
				CURRENT_PROJECT_VERSION = 1;
				ENABLE_BITCODE = NO;
				INFOPLIST_FILE = TodoListWork/Info.plist;
				LD_RUNPATH_SEARCH_PATHS = (
					"$(inherited)",
					"@executable_path/Frameworks",
				);
				MARKETING_VERSION = 1.0;
				OTHER_LDFLAGS = (
					"$(inherited)",
					"-ObjC",
					"-lc++",
				);
				PRODUCT_BUNDLE_IDENTIFIER = "org.reactjs.native.example.$(PRODUCT_NAME:rfc1034identifier)";
				PRODUCT_NAME = TodoListWork;
				SWIFT_OPTIMIZATION_LEVEL = "-Onone";
				SWIFT_VERSION = 5.0;
				VERSIONING_SYSTEM = "apple-generic";
			};
			name = Debug;
		};
		13B07F951A680F5B00A75B9A /* Release */ = {
			isa = XCBuildConfiguration;
			baseConfigurationReference = 5709B34CF0A7D63546082F79 /* Pods-TodoListWork.release.xcconfig */;
			buildSettings = {
				ASSETCATALOG_COMPILER_APPICON_NAME = AppIcon;
				CLANG_ENABLE_MODULES = YES;
				CURRENT_PROJECT_VERSION = 1;
				INFOPLIST_FILE = TodoListWork/Info.plist;
				LD_RUNPATH_SEARCH_PATHS = (
					"$(inherited)",
					"@executable_path/Frameworks",
				);
				MARKETING_VERSION = 1.0;
				OTHER_LDFLAGS = (
					"$(inherited)",
					"-ObjC",
					"-lc++",
				);
				PRODUCT_BUNDLE_IDENTIFIER = "org.reactjs.native.example.$(PRODUCT_NAME:rfc1034identifier)";
				PRODUCT_NAME = TodoListWork;
				SWIFT_VERSION = 5.0;
				VERSIONING_SYSTEM = "apple-generic";
			};
			name = Release;
		};
		83CBBA201A601CBA00E9B192 /* Debug */ = {
			isa = XCBuildConfiguration;
			buildSettings = {
				ALWAYS_SEARCH_USER_PATHS = NO;
				CLANG_ANALYZER_LOCALIZABILITY_NONLOCALIZED = YES;
				CLANG_CXX_LANGUAGE_STANDARD = "c++20";
				CLANG_CXX_LIBRARY = "libc++";
				CLANG_ENABLE_MODULES = YES;
				CLANG_ENABLE_OBJC_ARC = YES;
				CLANG_WARN_BLOCK_CAPTURE_AUTORELEASING = YES;
				CLANG_WARN_BOOL_CONVERSION = YES;
				CLANG_WARN_COMMA = YES;
				CLANG_WARN_CONSTANT_CONVERSION = YES;
				CLANG_WARN_DEPRECATED_OBJC_IMPLEMENTATIONS = YES;
				CLANG_WARN_DIRECT_OBJC_ISA_USAGE = YES_ERROR;
				CLANG_WARN_EMPTY_BODY = YES;
				CLANG_WARN_ENUM_CONVERSION = YES;
				CLANG_WARN_INFINITE_RECURSION = YES;
				CLANG_WARN_INT_CONVERSION = YES;
				CLANG_WARN_NON_LITERAL_NULL_CONVERSION = YES;
				CLANG_WARN_OBJC_IMPLICIT_RETAIN_SELF = YES;
				CLANG_WARN_OBJC_LITERAL_CONVERSION = YES;
				CLANG_WARN_OBJC_ROOT_CLASS = YES_ERROR;
				CLANG_WARN_QUOTED_INCLUDE_IN_FRAMEWORK_HEADER = YES;
				CLANG_WARN_RANGE_LOOP_ANALYSIS = YES;
				CLANG_WARN_STRICT_PROTOTYPES = YES;
				CLANG_WARN_SUSPICIOUS_MOVE = YES;
				CLANG_WARN_UNREACHABLE_CODE = YES;
				CLANG_WARN__DUPLICATE_METHOD_MATCH = YES;
				"CODE_SIGN_IDENTITY[sdk=iphoneos*]" = "iPhone Developer";
				COPY_PHASE_STRIP = NO;
				ENABLE_STRICT_OBJC_MSGSEND = YES;
				ENABLE_TESTABILITY = YES;
				"EXCLUDED_ARCHS[sdk=iphonesimulator*]" = "";
				GCC_C_LANGUAGE_STANDARD = gnu99;
				GCC_DYNAMIC_NO_PIC = NO;
				GCC_NO_COMMON_BLOCKS = YES;
				GCC_OPTIMIZATION_LEVEL = 0;
				GCC_PREPROCESSOR_DEFINITIONS = (
					"DEBUG=1",
					"$(inherited)",
				);
				GCC_SYMBOLS_PRIVATE_EXTERN = NO;
				GCC_WARN_64_TO_32_BIT_CONVERSION = YES;
				GCC_WARN_ABOUT_RETURN_TYPE = YES_ERROR;
				GCC_WARN_UNDECLARED_SELECTOR = YES;
				GCC_WARN_UNINITIALIZED_AUTOS = YES_AGGRESSIVE;
				GCC_WARN_UNUSED_FUNCTION = YES;
				GCC_WARN_UNUSED_VARIABLE = YES;
				IPHONEOS_DEPLOYMENT_TARGET = 13.4;
				LD_RUNPATH_SEARCH_PATHS = (
					/usr/lib/swift,
					"$(inherited)",
				);
				LIBRARY_SEARCH_PATHS = (
					"\"$(SDKROOT)/usr/lib/swift\"",
					"\"$(TOOLCHAIN_DIR)/usr/lib/swift/$(PLATFORM_NAME)\"",
					"\"$(inherited)\"",
				);
				MTL_ENABLE_DEBUG_INFO = YES;
				ONLY_ACTIVE_ARCH = YES;
				OTHER_CPLUSPLUSFLAGS = (
					"$(OTHER_CFLAGS)",
					"-DFOLLY_NO_CONFIG",
					"-DFOLLY_MOBILE=1",
					"-DFOLLY_USE_LIBCPP=1",
					"-DFOLLY_CFG_NO_COROUTINES=1",
					"-DFOLLY_HAVE_CLOCK_GETTIME=1",
				);
				SDKROOT = iphoneos;
			};
			name = Debug;
		};
		83CBBA211A601CBA00E9B192 /* Release */ = {
			isa = XCBuildConfiguration;
			buildSettings = {
				ALWAYS_SEARCH_USER_PATHS = NO;
				CLANG_ANALYZER_LOCALIZABILITY_NONLOCALIZED = YES;
				CLANG_CXX_LANGUAGE_STANDARD = "c++20";
				CLANG_CXX_LIBRARY = "libc++";
				CLANG_ENABLE_MODULES = YES;
				CLANG_ENABLE_OBJC_ARC = YES;
				CLANG_WARN_BLOCK_CAPTURE_AUTORELEASING = YES;
				CLANG_WARN_BOOL_CONVERSION = YES;
				CLANG_WARN_COMMA = YES;
				CLANG_WARN_CONSTANT_CONVERSION = YES;
				CLANG_WARN_DEPRECATED_OBJC_IMPLEMENTATIONS = YES;
				CLANG_WARN_DIRECT_OBJC_ISA_USAGE = YES_ERROR;
				CLANG_WARN_EMPTY_BODY = YES;
				CLANG_WARN_ENUM_CONVERSION = YES;
				CLANG_WARN_INFINITE_RECURSION = YES;
				CLANG_WARN_INT_CONVERSION = YES;
				CLANG_WARN_NON_LITERAL_NULL_CONVERSION = YES;
				CLANG_WARN_OBJC_IMPLICIT_RETAIN_SELF = YES;
				CLANG_WARN_OBJC_LITERAL_CONVERSION = YES;
				CLANG_WARN_OBJC_ROOT_CLASS = YES_ERROR;
				CLANG_WARN_QUOTED_INCLUDE_IN_FRAMEWORK_HEADER = YES;
				CLANG_WARN_RANGE_LOOP_ANALYSIS = YES;
				CLANG_WARN_STRICT_PROTOTYPES = YES;
				CLANG_WARN_SUSPICIOUS_MOVE = YES;
				CLANG_WARN_UNREACHABLE_CODE = YES;
				CLANG_WARN__DUPLICATE_METHOD_MATCH = YES;
				"CODE_SIGN_IDENTITY[sdk=iphoneos*]" = "iPhone Developer";
				COPY_PHASE_STRIP = YES;
				ENABLE_NS_ASSERTIONS = NO;
				ENABLE_STRICT_OBJC_MSGSEND = YES;
				"EXCLUDED_ARCHS[sdk=iphonesimulator*]" = "";
				GCC_C_LANGUAGE_STANDARD = gnu99;
				GCC_NO_COMMON_BLOCKS = YES;
				GCC_WARN_64_TO_32_BIT_CONVERSION = YES;
				GCC_WARN_ABOUT_RETURN_TYPE = YES_ERROR;
				GCC_WARN_UNDECLARED_SELECTOR = YES;
				GCC_WARN_UNINITIALIZED_AUTOS = YES_AGGRESSIVE;
				GCC_WARN_UNUSED_FUNCTION = YES;
				GCC_WARN_UNUSED_VARIABLE = YES;
				IPHONEOS_DEPLOYMENT_TARGET = 13.4;
				LD_RUNPATH_SEARCH_PATHS = (
					/usr/lib/swift,
					"$(inherited)",
				);
				LIBRARY_SEARCH_PATHS = (
					"\"$(SDKROOT)/usr/lib/swift\"",
					"\"$(TOOLCHAIN_DIR)/usr/lib/swift/$(PLATFORM_NAME)\"",
					"\"$(inherited)\"",
				);
				MTL_ENABLE_DEBUG_INFO = NO;
				OTHER_CPLUSPLUSFLAGS = (
					"$(OTHER_CFLAGS)",
					"-DFOLLY_NO_CONFIG",
					"-DFOLLY_MOBILE=1",
					"-DFOLLY_USE_LIBCPP=1",
					"-DFOLLY_CFG_NO_COROUTINES=1",
					"-DFOLLY_HAVE_CLOCK_GETTIME=1",
				);
				SDKROOT = iphoneos;
				VALIDATE_PRODUCT = YES;
			};
			name = Release;
		};
/* End XCBuildConfiguration section */

/* Begin XCConfigurationList section */
		00E357021AD99517003FC87E /* Build configuration list for PBXNativeTarget "TodoListWorkTests" */ = {
			isa = XCConfigurationList;
			buildConfigurations = (
				00E356F61AD99517003FC87E /* Debug */,
				00E356F71AD99517003FC87E /* Release */,
			);
			defaultConfigurationIsVisible = 0;
			defaultConfigurationName = Release;
		};
		13B07F931A680F5B00A75B9A /* Build configuration list for PBXNativeTarget "TodoListWork" */ = {
			isa = XCConfigurationList;
			buildConfigurations = (
				13B07F941A680F5B00A75B9A /* Debug */,
				13B07F951A680F5B00A75B9A /* Release */,
			);
			defaultConfigurationIsVisible = 0;
			defaultConfigurationName = Release;
		};
		83CBB9FA1A601CBA00E9B192 /* Build configuration list for PBXProject "TodoListWork" */ = {
			isa = XCConfigurationList;
			buildConfigurations = (
				83CBBA201A601CBA00E9B192 /* Debug */,
				83CBBA211A601CBA00E9B192 /* Release */,
			);
			defaultConfigurationIsVisible = 0;
			defaultConfigurationName = Release;
		};
/* End XCConfigurationList section */
	};
	rootObject = 83CBB9F71A601CBA00E9B192 /* Project object */;
}
